
Microsoft Visual Studio Solution File, Format Version 12.00
# Visual Studio Version 17
VisualStudioVersion = 17.9.34902.65
MinimumVisualStudioVersion = 10.0.40219.1
Project("{FAE04EC0-301F-11D3-BF4B-00C04F79EFBC}") = "CSAdv32", "CSAdv32\CSAdv32.csproj", "{CCD76AA4-1AA3-4C08-8535-A5CCFB37ACC6}"
EndProject
Global
	GlobalSection(SolutionConfigurationPlatforms) = preSolution
		Debug|Any CPU = Debug|Any CPU
		Release|Any CPU = Release|Any CPU
	EndGlobalSection
	GlobalSection(ProjectConfigurationPlatforms) = postSolution
		{CCD76AA4-1AA3-4C08-8535-A5CCFB37ACC6}.Debug|Any CPU.ActiveCfg = Debug|Any CPU
		{CCD76AA4-1AA3-4C08-8535-A5CCFB37ACC6}.Debug|Any CPU.Build.0 = Debug|Any CPU
		{CCD76AA4-1AA3-4C08-8535-A5CCFB37ACC6}.Release|Any CPU.ActiveCfg = Release|Any CPU
		{CCD76AA4-1AA3-4C08-8535-A5CCFB37ACC6}.Release|Any CPU.Build.0 = Release|Any CPU
	EndGlobalSection
	GlobalSection(SolutionProperties) = preSolution
		HideSolutionNode = FALSE
	EndGlobalSection
	GlobalSection(ExtensibilityGlobals) = postSolution
		SolutionGuid = {889C9393-0D6A-4B25-A40D-B9E630A10EE6}
	EndGlobalSection
EndGlobal
